
Microsoft Visual Studio Solution File, Format Version 11.00
# Visual Studio 2010
Project("{F184B08F-C81C-45F6-A57F-5ABD9991F28F}") = "sound-forge-10-fake-keygen_remake", "sound-forge-10-fake-keygen_remake\sound-forge-10-fake-keygen_remake.vbproj", "{0E596F6B-0FB0-4400-806F-3BFEB470FE3F}"
EndProject
Global
	GlobalSection(SolutionConfigurationPlatforms) = preSolution
		Debug|x86 = Debug|x86
		Release|x86 = Release|x86
	EndGlobalSection
	GlobalSection(ProjectConfigurationPlatforms) = postSolution
		{0E596F6B-0FB0-4400-806F-3BFEB470FE3F}.Debug|x86.ActiveCfg = Debug|x86
		{0E596F6B-0FB0-4400-806F-3BFEB470FE3F}.Debug|x86.Build.0 = Debug|x86
		{0E596F6B-0FB0-4400-806F-3BFEB470FE3F}.Release|x86.ActiveCfg = Release|x86
		{0E596F6B-0FB0-4400-806F-3BFEB470FE3F}.Release|x86.Build.0 = Release|x86
	EndGlobalSection
	GlobalSection(SolutionProperties) = preSolution
		HideSolutionNode = FALSE
	EndGlobalSection
EndGlobal
